{
  "name": "calendarjs",
  "version": "0.0.1",
  "lockfileVersion": 1,
  "requires": true,
  "dependencies": {
    "js-guid": {
      "version": "1.0.0",
      "resolved": "https://registry.npmjs.org/js-guid/-/js-guid-1.0.0.tgz",
      "integrity": "sha512-PdPqvtk8tDAcbyOXKnL+NJKVED5FyJwm5HE1N/v9TPD7AeVcJEFFrox7//OJyOYn5Vqtsc1B3Nxm1ntW9TutVQ=="
    }
  }
}
